
Microsoft Visual Studio Solution File, Format Version 12.00
# Visual Studio Version 16
VisualStudioVersion = 16.0.32106.194
MinimumVisualStudioVersion = 10.0.40219.1
Project("{FAE04EC0-301F-11D3-BF4B-00C04F79EFBC}") = "JSitesAssign1B", "JSitesAssign1B\JSitesAssign1B.csproj", "{482DFA0A-28C7-4A90-A3B2-880B4C9C6033}"
EndProject
Global
	GlobalSection(SolutionConfigurationPlatforms) = preSolution
		Debug|Any CPU = Debug|Any CPU
		Release|Any CPU = Release|Any CPU
	EndGlobalSection
	GlobalSection(ProjectConfigurationPlatforms) = postSolution
		{482DFA0A-28C7-4A90-A3B2-880B4C9C6033}.Debug|Any CPU.ActiveCfg = Debug|Any CPU
		{482DFA0A-28C7-4A90-A3B2-880B4C9C6033}.Debug|Any CPU.Build.0 = Debug|Any CPU
		{482DFA0A-28C7-4A90-A3B2-880B4C9C6033}.Release|Any CPU.ActiveCfg = Release|Any CPU
		{482DFA0A-28C7-4A90-A3B2-880B4C9C6033}.Release|Any CPU.Build.0 = Release|Any CPU
	EndGlobalSection
	GlobalSection(SolutionProperties) = preSolution
		HideSolutionNode = FALSE
	EndGlobalSection
	GlobalSection(ExtensibilityGlobals) = postSolution
		SolutionGuid = {D2B77F04-1D21-4E01-A58C-AB110AD1FFA9}
	EndGlobalSection
EndGlobal
