
Microsoft Visual Studio Solution File, Format Version 12.00
# Visual Studio Version 16
VisualStudioVersion = 16.0.32228.343
MinimumVisualStudioVersion = 10.0.40219.1
Project("{FAE04EC0-301F-11D3-BF4B-00C04F79EFBC}") = "Mod8Lecture2353", "Mod8Lecture2353\Mod8Lecture2353.csproj", "{4E9DAD3B-F49D-4E74-84EF-C9310AF130DA}"
EndProject
Global
	GlobalSection(SolutionConfigurationPlatforms) = preSolution
		Debug|Any CPU = Debug|Any CPU
		Release|Any CPU = Release|Any CPU
	EndGlobalSection
	GlobalSection(ProjectConfigurationPlatforms) = postSolution
		{4E9DAD3B-F49D-4E74-84EF-C9310AF130DA}.Debug|Any CPU.ActiveCfg = Debug|Any CPU
		{4E9DAD3B-F49D-4E74-84EF-C9310AF130DA}.Debug|Any CPU.Build.0 = Debug|Any CPU
		{4E9DAD3B-F49D-4E74-84EF-C9310AF130DA}.Release|Any CPU.ActiveCfg = Release|Any CPU
		{4E9DAD3B-F49D-4E74-84EF-C9310AF130DA}.Release|Any CPU.Build.0 = Release|Any CPU
	EndGlobalSection
	GlobalSection(SolutionProperties) = preSolution
		HideSolutionNode = FALSE
	EndGlobalSection
	GlobalSection(ExtensibilityGlobals) = postSolution
		SolutionGuid = {44D610F4-7527-4D7A-A6C4-C08A5BA3AA9D}
	EndGlobalSection
EndGlobal
