
Microsoft Visual Studio Solution File, Format Version 12.00
# Visual Studio 15
VisualStudioVersion = 15.0.28307.168
MinimumVisualStudioVersion = 10.0.40219.1
Project("{FAE04EC0-301F-11D3-BF4B-00C04F79EFBC}") = "ITSE2353_Lecture5A", "ITSE2353_Lecture5A\ITSE2353_Lecture5A.csproj", "{5808731C-B892-4971-A090-EC5B16510389}"
EndProject
Global
	GlobalSection(SolutionConfigurationPlatforms) = preSolution
		Debug|Any CPU = Debug|Any CPU
		Release|Any CPU = Release|Any CPU
	EndGlobalSection
	GlobalSection(ProjectConfigurationPlatforms) = postSolution
		{5808731C-B892-4971-A090-EC5B16510389}.Debug|Any CPU.ActiveCfg = Debug|Any CPU
		{5808731C-B892-4971-A090-EC5B16510389}.Debug|Any CPU.Build.0 = Debug|Any CPU
		{5808731C-B892-4971-A090-EC5B16510389}.Release|Any CPU.ActiveCfg = Release|Any CPU
		{5808731C-B892-4971-A090-EC5B16510389}.Release|Any CPU.Build.0 = Release|Any CPU
	EndGlobalSection
	GlobalSection(SolutionProperties) = preSolution
		HideSolutionNode = FALSE
	EndGlobalSection
	GlobalSection(ExtensibilityGlobals) = postSolution
		SolutionGuid = {64B6ADFC-3CAA-4B1C-B5FF-1198178F989A}
	EndGlobalSection
EndGlobal
